
Microsoft Visual Studio Solution File, Format Version 12.00
# Visual Studio Version 16
VisualStudioVersion = 16.0.32901.82
MinimumVisualStudioVersion = 10.0.40219.1
Project("{8BC9CEB8-8B4A-11D0-8D11-00A0C91BC942}") = "TrataXML", "TrataXML.vcxproj", "{9EECBDC2-1F8E-48D6-83AE-C8F00F75DC98}"
EndProject
Global
	GlobalSection(SolutionConfigurationPlatforms) = preSolution
		Debug|x64 = Debug|x64
		Debug|x86 = Debug|x86
		Release|x64 = Release|x64
		Release|x86 = Release|x86
	EndGlobalSection
	GlobalSection(ProjectConfigurationPlatforms) = postSolution
		{9EECBDC2-1F8E-48D6-83AE-C8F00F75DC98}.Debug|x64.ActiveCfg = Debug|x64
		{9EECBDC2-1F8E-48D6-83AE-C8F00F75DC98}.Debug|x64.Build.0 = Debug|x64
		{9EECBDC2-1F8E-48D6-83AE-C8F00F75DC98}.Debug|x86.ActiveCfg = Debug|Win32
		{9EECBDC2-1F8E-48D6-83AE-C8F00F75DC98}.Debug|x86.Build.0 = Debug|Win32
		{9EECBDC2-1F8E-48D6-83AE-C8F00F75DC98}.Release|x64.ActiveCfg = Release|x64
		{9EECBDC2-1F8E-48D6-83AE-C8F00F75DC98}.Release|x64.Build.0 = Release|x64
		{9EECBDC2-1F8E-48D6-83AE-C8F00F75DC98}.Release|x86.ActiveCfg = Release|Win32
		{9EECBDC2-1F8E-48D6-83AE-C8F00F75DC98}.Release|x86.Build.0 = Release|Win32
	EndGlobalSection
	GlobalSection(SolutionProperties) = preSolution
		HideSolutionNode = FALSE
	EndGlobalSection
	GlobalSection(ExtensibilityGlobals) = postSolution
		SolutionGuid = {C92FC2CD-6F36-44E5-8115-AA5A7B2C5090}
	EndGlobalSection
EndGlobal
